
Microsoft Visual Studio Solution File, Format Version 12.00
# Visual Studio 2013
VisualStudioVersion = 12.0.21005.1
MinimumVisualStudioVersion = 10.0.40219.1
Project("{FAE04EC0-301F-11D3-BF4B-00C04F79EFBC}") = "Niu.Live.LiveRoom.Web", "Niu.Live.LiveRoom.Web\Niu.Live.LiveRoom.Web.csproj", "{62B5EADF-01ED-4184-8F2A-A7AFA88B63E7}"
EndProject
Project("{FAE04EC0-301F-11D3-BF4B-00C04F79EFBC}") = "Niu.Live.LiveRoom.Utils", "Niu.Live.LiveRoom.Utils\Niu.Live.LiveRoom.Utils.csproj", "{F72B7016-9904-4F15-8EAF-AE567EA0D20F}"
EndProject
Project("{FAE04EC0-301F-11D3-BF4B-00C04F79EFBC}") = "Niu.Live.User.Provider", "..\用户模块\Niu.Live.User.Provider\Niu.Live.User.Provider.csproj", "{0B59B92C-AAFB-42AF-BF84-CCE675A5858A}"
EndProject
Project("{FAE04EC0-301F-11D3-BF4B-00C04F79EFBC}") = "Niu.Live.User.IModel", "..\用户模块\Niu.Live.User.IModel\Niu.Live.User.IModel.csproj", "{F10CA56B-20A0-4114-A26E-912FB6219A82}"
EndProject
Global
	GlobalSection(SolutionConfigurationPlatforms) = preSolution
		Debug|Any CPU = Debug|Any CPU
		Release|Any CPU = Release|Any CPU
	EndGlobalSection
	GlobalSection(ProjectConfigurationPlatforms) = postSolution
		{62B5EADF-01ED-4184-8F2A-A7AFA88B63E7}.Debug|Any CPU.ActiveCfg = Debug|Any CPU
		{62B5EADF-01ED-4184-8F2A-A7AFA88B63E7}.Debug|Any CPU.Build.0 = Debug|Any CPU
		{62B5EADF-01ED-4184-8F2A-A7AFA88B63E7}.Release|Any CPU.ActiveCfg = Release|Any CPU
		{62B5EADF-01ED-4184-8F2A-A7AFA88B63E7}.Release|Any CPU.Build.0 = Release|Any CPU
		{F72B7016-9904-4F15-8EAF-AE567EA0D20F}.Debug|Any CPU.ActiveCfg = Debug|Any CPU
		{F72B7016-9904-4F15-8EAF-AE567EA0D20F}.Debug|Any CPU.Build.0 = Debug|Any CPU
		{F72B7016-9904-4F15-8EAF-AE567EA0D20F}.Release|Any CPU.ActiveCfg = Release|Any CPU
		{F72B7016-9904-4F15-8EAF-AE567EA0D20F}.Release|Any CPU.Build.0 = Release|Any CPU
		{0B59B92C-AAFB-42AF-BF84-CCE675A5858A}.Debug|Any CPU.ActiveCfg = Debug|Any CPU
		{0B59B92C-AAFB-42AF-BF84-CCE675A5858A}.Debug|Any CPU.Build.0 = Debug|Any CPU
		{0B59B92C-AAFB-42AF-BF84-CCE675A5858A}.Release|Any CPU.ActiveCfg = Release|Any CPU
		{0B59B92C-AAFB-42AF-BF84-CCE675A5858A}.Release|Any CPU.Build.0 = Release|Any CPU
		{F10CA56B-20A0-4114-A26E-912FB6219A82}.Debug|Any CPU.ActiveCfg = Debug|Any CPU
		{F10CA56B-20A0-4114-A26E-912FB6219A82}.Debug|Any CPU.Build.0 = Debug|Any CPU
		{F10CA56B-20A0-4114-A26E-912FB6219A82}.Release|Any CPU.ActiveCfg = Release|Any CPU
		{F10CA56B-20A0-4114-A26E-912FB6219A82}.Release|Any CPU.Build.0 = Release|Any CPU
	EndGlobalSection
	GlobalSection(SolutionProperties) = preSolution
		HideSolutionNode = FALSE
	EndGlobalSection
EndGlobal
